// !$*UTF8*$!
{
	archiveVersion = 1;
	classes = {
	};
	objectVersion = 50;
	objects = {

/* Begin PBXBuildFile section */
		583A9150221BBBC000ABB270 /* YoSwift.framework in Frameworks */ = {isa = PBXBuildFile; fileRef = 583A9146221BBBC000ABB270 /* YoSwift.framework */; };
		583A9155221BBBC000ABB270 /* YoSwiftTests.swift in Sources */ = {isa = PBXBuildFile; fileRef = 583A9154221BBBC000ABB270 /* YoSwiftTests.swift */; };
		583A9157221BBBC000ABB270 /* YoSwift.h in Headers */ = {isa = PBXBuildFile; fileRef = 583A9149221BBBC000ABB270 /* YoSwift.h */; settings = {ATTRIBUTES = (Public, ); }; };
		583A9162221BBC2A00ABB270 /* Protocol.swift in Sources */ = {isa = PBXBuildFile; fileRef = 583A9161221BBC2A00ABB270 /* Protocol.swift */; };
		583A9164221BBD2300ABB270 /* String.swift in Sources */ = {isa = PBXBuildFile; fileRef = 583A9163221BBD2300ABB270 /* String.swift */; };
		583A9166221BBE8E00ABB270 /* Int.swift in Sources */ = {isa = PBXBuildFile; fileRef = 583A9165221BBE8E00ABB270 /* Int.swift */; };
		583A9168221BC01700ABB270 /* UIColor.swift in Sources */ = {isa = PBXBuildFile; fileRef = 583A9167221BC01700ABB270 /* UIColor.swift */; };
		583A916C221D4E6F00ABB270 /* Array.swift in Sources */ = {isa = PBXBuildFile; fileRef = 583A916B221D4E6F00ABB270 /* Array.swift */; };
/* End PBXBuildFile section */

/* Begin PBXContainerItemProxy section */
		583A9151221BBBC000ABB270 /* PBXContainerItemProxy */ = {
			isa = PBXContainerItemProxy;
			containerPortal = 583A913D221BBBC000ABB270 /* Project object */;
			proxyType = 1;
			remoteGlobalIDString = 583A9145221BBBC000ABB270;
			remoteInfo = YoSwift;
		};
/* End PBXContainerItemProxy section */

/* Begin PBXFileReference section */
		583A9146221BBBC000ABB270 /* YoSwift.framework */ = {isa = PBXFileReference; explicitFileType = wrapper.framework; includeInIndex = 0; path = YoSwift.framework; sourceTree = BUILT_PRODUCTS_DIR; };
		583A9149221BBBC000ABB270 /* YoSwift.h */ = {isa = PBXFileReference; lastKnownFileType = sourcecode.c.h; path = YoSwift.h; sourceTree = "<group>"; };
		583A914A221BBBC000ABB270 /* Info.plist */ = {isa = PBXFileReference; lastKnownFileType = text.plist.xml; path = Info.plist; sourceTree = "<group>"; };
		583A914F221BBBC000ABB270 /* YoSwiftTests.xctest */ = {isa = PBXFileReference; explicitFileType = wrapper.cfbundle; includeInIndex = 0; path = YoSwiftTests.xctest; sourceTree = BUILT_PRODUCTS_DIR; };
		583A9154221BBBC000ABB270 /* YoSwiftTests.swift */ = {isa = PBXFileReference; lastKnownFileType = sourcecode.swift; path = YoSwiftTests.swift; sourceTree = "<group>"; };
		583A9156221BBBC000ABB270 /* Info.plist */ = {isa = PBXFileReference; lastKnownFileType = text.plist.xml; path = Info.plist; sourceTree = "<group>"; };
		583A9161221BBC2A00ABB270 /* Protocol.swift */ = {isa = PBXFileReference; lastKnownFileType = sourcecode.swift; path = Protocol.swift; sourceTree = "<group>"; };
		583A9163221BBD2300ABB270 /* String.swift */ = {isa = PBXFileReference; lastKnownFileType = sourcecode.swift; path = String.swift; sourceTree = "<group>"; };
		583A9165221BBE8E00ABB270 /* Int.swift */ = {isa = PBXFileReference; lastKnownFileType = sourcecode.swift; path = Int.swift; sourceTree = "<group>"; };
		583A9167221BC01700ABB270 /* UIColor.swift */ = {isa = PBXFileReference; lastKnownFileType = sourcecode.swift; path = UIColor.swift; sourceTree = "<group>"; };
		583A916B221D4E6F00ABB270 /* Array.swift */ = {isa = PBXFileReference; lastKnownFileType = sourcecode.swift; path = Array.swift; sourceTree = "<group>"; };
/* End PBXFileReference section */

/* Begin PBXFrameworksBuildPhase section */
		583A9143221BBBC000ABB270 /* Frameworks */ = {
			isa = PBXFrameworksBuildPhase;
			buildActionMask = 2147483647;
			files = (
			);
			runOnlyForDeploymentPostprocessing = 0;
		};
		583A914C221BBBC000ABB270 /* Frameworks */ = {
			isa = PBXFrameworksBuildPhase;
			buildActionMask = 2147483647;
			files = (
				583A9150221BBBC000ABB270 /* YoSwift.framework in Frameworks */,
			);
			runOnlyForDeploymentPostprocessing = 0;
		};
/* End PBXFrameworksBuildPhase section */

/* Begin PBXGroup section */
		583A913C221BBBC000ABB270 = {
			isa = PBXGroup;
			children = (
				583A9148221BBBC000ABB270 /* YoSwift */,
				583A9153221BBBC000ABB270 /* YoSwiftTests */,
				583A9147221BBBC000ABB270 /* Products */,
			);
			sourceTree = "<group>";
		};
		583A9147221BBBC000ABB270 /* Products */ = {
			isa = PBXGroup;
			children = (
				583A9146221BBBC000ABB270 /* YoSwift.framework */,
				583A914F221BBBC000ABB270 /* YoSwiftTests.xctest */,
			);
			name = Products;
			sourceTree = "<group>";
		};
		583A9148221BBBC000ABB270 /* YoSwift */ = {
			isa = PBXGroup;
			children = (
				583A9149221BBBC000ABB270 /* YoSwift.h */,
				583A914A221BBBC000ABB270 /* Info.plist */,
				583A9161221BBC2A00ABB270 /* Protocol.swift */,
				583A9163221BBD2300ABB270 /* String.swift */,
				583A9165221BBE8E00ABB270 /* Int.swift */,
				583A9167221BC01700ABB270 /* UIColor.swift */,
				583A916B221D4E6F00ABB270 /* Array.swift */,
			);
			path = YoSwift;
			sourceTree = "<group>";
		};
		583A9153221BBBC000ABB270 /* YoSwiftTests */ = {
			isa = PBXGroup;
			children = (
				583A9154221BBBC000ABB270 /* YoSwiftTests.swift */,
				583A9156221BBBC000ABB270 /* Info.plist */,
			);
			path = YoSwiftTests;
			sourceTree = "<group>";
		};
/* End PBXGroup section */

/* Begin PBXHeadersBuildPhase section */
		583A9141221BBBC000ABB270 /* Headers */ = {
			isa = PBXHeadersBuildPhase;
			buildActionMask = 2147483647;
			files = (
				583A9157221BBBC000ABB270 /* YoSwift.h in Headers */,
			);
			runOnlyForDeploymentPostprocessing = 0;
		};
/* End PBXHeadersBuildPhase section */

/* Begin PBXNativeTarget section */
		583A9145221BBBC000ABB270 /* YoSwift */ = {
			isa = PBXNativeTarget;
			buildConfigurationList = 583A915A221BBBC000ABB270 /* Build configuration list for PBXNativeTarget "YoSwift" */;
			buildPhases = (
				583A9141221BBBC000ABB270 /* Headers */,
				583A9142221BBBC000ABB270 /* Sources */,
				583A9143221BBBC000ABB270 /* Frameworks */,
				583A9144221BBBC000ABB270 /* Resources */,
			);
			buildRules = (
			);
			dependencies = (
			);
			name = YoSwift;
			productName = YoSwift;
			productReference = 583A9146221BBBC000ABB270 /* YoSwift.framework */;
			productType = "com.apple.product-type.framework";
		};
		583A914E221BBBC000ABB270 /* YoSwiftTests */ = {
			isa = PBXNativeTarget;
			buildConfigurationList = 583A915D221BBBC000ABB270 /* Build configuration list for PBXNativeTarget "YoSwiftTests" */;
			buildPhases = (
				583A914B221BBBC000ABB270 /* Sources */,
				583A914C221BBBC000ABB270 /* Frameworks */,
				583A914D221BBBC000ABB270 /* Resources */,
			);
			buildRules = (
			);
			dependencies = (
				583A9152221BBBC000ABB270 /* PBXTargetDependency */,
			);
			name = YoSwiftTests;
			productName = YoSwiftTests;
			productReference = 583A914F221BBBC000ABB270 /* YoSwiftTests.xctest */;
			productType = "com.apple.product-type.bundle.unit-test";
		};
/* End PBXNativeTarget section */

/* Begin PBXProject section */
		583A913D221BBBC000ABB270 /* Project object */ = {
			isa = PBXProject;
			attributes = {
				LastSwiftUpdateCheck = 1010;
				LastUpgradeCheck = 1010;
				ORGANIZATIONNAME = "Yusuke Ohashi";
				TargetAttributes = {
					583A9145221BBBC000ABB270 = {
						CreatedOnToolsVersion = 10.1;
						LastSwiftMigration = 1010;
					};
					583A914E221BBBC000ABB270 = {
						CreatedOnToolsVersion = 10.1;
					};
				};
			};
			buildConfigurationList = 583A9140221BBBC000ABB270 /* Build configuration list for PBXProject "YoSwift" */;
			compatibilityVersion = "Xcode 9.3";
			developmentRegion = en;
			hasScannedForEncodings = 0;
			knownRegions = (
				en,
			);
			mainGroup = 583A913C221BBBC000ABB270;
			productRefGroup = 583A9147221BBBC000ABB270 /* Products */;
			projectDirPath = "";
			projectRoot = "";
			targets = (
				583A9145221BBBC000ABB270 /* YoSwift */,
				583A914E221BBBC000ABB270 /* YoSwiftTests */,
			);
		};
/* End PBXProject section */

/* Begin PBXResourcesBuildPhase section */
		583A9144221BBBC000ABB270 /* Resources */ = {
			isa = PBXResourcesBuildPhase;
			buildActionMask = 2147483647;
			files = (
			);
			runOnlyForDeploymentPostprocessing = 0;
		};
		583A914D221BBBC000ABB270 /* Resources */ = {
			isa = PBXResourcesBuildPhase;
			buildActionMask = 2147483647;
			files = (
			);
			runOnlyForDeploymentPostprocessing = 0;
		};
/* End PBXResourcesBuildPhase section */

/* Begin PBXSourcesBuildPhase section */
		583A9142221BBBC000ABB270 /* Sources */ = {
			isa = PBXSourcesBuildPhase;
			buildActionMask = 2147483647;
			files = (
				583A9166221BBE8E00ABB270 /* Int.swift in Sources */,
				583A916C221D4E6F00ABB270 /* Array.swift in Sources */,
				583A9168221BC01700ABB270 /* UIColor.swift in Sources */,
				583A9164221BBD2300ABB270 /* String.swift in Sources */,
				583A9162221BBC2A00ABB270 /* Protocol.swift in Sources */,
			);
			runOnlyForDeploymentPostprocessing = 0;
		};
		583A914B221BBBC000ABB270 /* Sources */ = {
			isa = PBXSourcesBuildPhase;
			buildActionMask = 2147483647;
			files = (
				583A9155221BBBC000ABB270 /* YoSwiftTests.swift in Sources */,
			);
			runOnlyForDeploymentPostprocessing = 0;
		};
/* End PBXSourcesBuildPhase section */

/* Begin PBXTargetDependency section */
		583A9152221BBBC000ABB270 /* PBXTargetDependency */ = {
			isa = PBXTargetDependency;
			target = 583A9145221BBBC000ABB270 /* YoSwift */;
			targetProxy = 583A9151221BBBC000ABB270 /* PBXContainerItemProxy */;
		};
/* End PBXTargetDependency section */

/* Begin XCBuildConfiguration section */
		583A9158221BBBC000ABB270 /* Debug */ = {
			isa = XCBuildConfiguration;
			buildSettings = {
				ALWAYS_SEARCH_USER_PATHS = NO;
				CLANG_ANALYZER_NONNULL = YES;
				CLANG_ANALYZER_NUMBER_OBJECT_CONVERSION = YES_AGGRESSIVE;
				CLANG_CXX_LANGUAGE_STANDARD = "gnu++14";
				CLANG_CXX_LIBRARY = "libc++";
				CLANG_ENABLE_MODULES = YES;
				CLANG_ENABLE_OBJC_ARC = YES;
				CLANG_ENABLE_OBJC_WEAK = YES;
				CLANG_WARN_BLOCK_CAPTURE_AUTORELEASING = YES;
				CLANG_WARN_BOOL_CONVERSION = YES;
				CLANG_WARN_COMMA = YES;
				CLANG_WARN_CONSTANT_CONVERSION = YES;
				CLANG_WARN_DEPRECATED_OBJC_IMPLEMENTATIONS = YES;
				CLANG_WARN_DIRECT_OBJC_ISA_USAGE = YES_ERROR;
				CLANG_WARN_DOCUMENTATION_COMMENTS = YES;
				CLANG_WARN_EMPTY_BODY = YES;
				CLANG_WARN_ENUM_CONVERSION = YES;
				CLANG_WARN_INFINITE_RECURSION = YES;
				CLANG_WARN_INT_CONVERSION = YES;
				CLANG_WARN_NON_LITERAL_NULL_CONVERSION = YES;
				CLANG_WARN_OBJC_IMPLICIT_RETAIN_SELF = YES;
				CLANG_WARN_OBJC_LITERAL_CONVERSION = YES;
				CLANG_WARN_OBJC_ROOT_CLASS = YES_ERROR;
				CLANG_WARN_RANGE_LOOP_ANALYSIS = YES;
				CLANG_WARN_STRICT_PROTOTYPES = YES;
				CLANG_WARN_SUSPICIOUS_MOVE = YES;
				CLANG_WARN_UNGUARDED_AVAILABILITY = YES_AGGRESSIVE;
				CLANG_WARN_UNREACHABLE_CODE = YES;
				CLANG_WARN__DUPLICATE_METHOD_MATCH = YES;
				CODE_SIGN_IDENTITY = "iPhone Developer";
				COPY_PHASE_STRIP = NO;
				CURRENT_PROJECT_VERSION = 1;
				DEBUG_INFORMATION_FORMAT = dwarf;
				ENABLE_STRICT_OBJC_MSGSEND = YES;
				ENABLE_TESTABILITY = YES;
				GCC_C_LANGUAGE_STANDARD = gnu11;
				GCC_DYNAMIC_NO_PIC = NO;
				GCC_NO_COMMON_BLOCKS = YES;
				GCC_OPTIMIZATION_LEVEL = 0;
				GCC_PREPROCESSOR_DEFINITIONS = (
					"DEBUG=1",
					"$(inherited)",
				);
				GCC_WARN_64_TO_32_BIT_CONVERSION = YES;
				GCC_WARN_ABOUT_RETURN_TYPE = YES_ERROR;
				GCC_WARN_UNDECLARED_SELECTOR = YES;
				GCC_WARN_UNINITIALIZED_AUTOS = YES_AGGRESSIVE;
				GCC_WARN_UNUSED_FUNCTION = YES;
				GCC_WARN_UNUSED_VARIABLE = YES;
				IPHONEOS_DEPLOYMENT_TARGET = 12.1;
				MTL_ENABLE_DEBUG_INFO = INCLUDE_SOURCE;
				MTL_FAST_MATH = YES;
				ONLY_ACTIVE_ARCH = YES;
				SDKROOT = iphoneos;
				SWIFT_ACTIVE_COMPILATION_CONDITIONS = DEBUG;
				SWIFT_OPTIMIZATION_LEVEL = "-Onone";
				VERSIONING_SYSTEM = "apple-generic";
				VERSION_INFO_PREFIX = "";
			};
			name = Debug;
		};
		583A9159221BBBC000ABB270 /* Release */ = {
			isa = XCBuildConfiguration;
			buildSettings = {
				ALWAYS_SEARCH_USER_PATHS = NO;
				CLANG_ANALYZER_NONNULL = YES;
				CLANG_ANALYZER_NUMBER_OBJECT_CONVERSION = YES_AGGRESSIVE;
				CLANG_CXX_LANGUAGE_STANDARD = "gnu++14";
				CLANG_CXX_LIBRARY = "libc++";
				CLANG_ENABLE_MODULES = YES;
				CLANG_ENABLE_OBJC_ARC = YES;
				CLANG_ENABLE_OBJC_WEAK = YES;
				CLANG_WARN_BLOCK_CAPTURE_AUTORELEASING = YES;
				CLANG_WARN_BOOL_CONVERSION = YES;
				CLANG_WARN_COMMA = YES;
				CLANG_WARN_CONSTANT_CONVERSION = YES;
				CLANG_WARN_DEPRECATED_OBJC_IMPLEMENTATIONS = YES;
				CLANG_WARN_DIRECT_OBJC_ISA_USAGE = YES_ERROR;
				CLANG_WARN_DOCUMENTATION_COMMENTS = YES;
				CLANG_WARN_EMPTY_BODY = YES;
				CLANG_WARN_ENUM_CONVERSION = YES;
				CLANG_WARN_INFINITE_RECURSION = YES;
				CLANG_WARN_INT_CONVERSION = YES;
				CLANG_WARN_NON_LITERAL_NULL_CONVERSION = YES;
				CLANG_WARN_OBJC_IMPLICIT_RETAIN_SELF = YES;
				CLANG_WARN_OBJC_LITERAL_CONVERSION = YES;
				CLANG_WARN_OBJC_ROOT_CLASS = YES_ERROR;
				CLANG_WARN_RANGE_LOOP_ANALYSIS = YES;
				CLANG_WARN_STRICT_PROTOTYPES = YES;
				CLANG_WARN_SUSPICIOUS_MOVE = YES;
				CLANG_WARN_UNGUARDED_AVAILABILITY = YES_AGGRESSIVE;
				CLANG_WARN_UNREACHABLE_CODE = YES;
				CLANG_WARN__DUPLICATE_METHOD_MATCH = YES;
				CODE_SIGN_IDENTITY = "iPhone Developer";
				COPY_PHASE_STRIP = NO;
				CURRENT_PROJECT_VERSION = 1;
				DEBUG_INFORMATION_FORMAT = "dwarf-with-dsym";
				ENABLE_NS_ASSERTIONS = NO;
				ENABLE_STRICT_OBJC_MSGSEND = YES;
				GCC_C_LANGUAGE_STANDARD = gnu11;
				GCC_NO_COMMON_BLOCKS = YES;
				GCC_WARN_64_TO_32_BIT_CONVERSION = YES;
				GCC_WARN_ABOUT_RETURN_TYPE = YES_ERROR;
				GCC_WARN_UNDECLARED_SELECTOR = YES;
				GCC_WARN_UNINITIALIZED_AUTOS = YES_AGGRESSIVE;
				GCC_WARN_UNUSED_FUNCTION = YES;
				GCC_WARN_UNUSED_VARIABLE = YES;
				IPHONEOS_DEPLOYMENT_TARGET = 12.1;
				MTL_ENABLE_DEBUG_INFO = NO;
				MTL_FAST_MATH = YES;
				SDKROOT = iphoneos;
				SWIFT_COMPILATION_MODE = wholemodule;
				SWIFT_OPTIMIZATION_LEVEL = "-O";
				VALIDATE_PRODUCT = YES;
				VERSIONING_SYSTEM = "apple-generic";
				VERSION_INFO_PREFIX = "";
			};
			name = Release;
		};
		583A915B221BBBC000ABB270 /* Debug */ = {
			isa = XCBuildConfiguration;
			buildSettings = {
				CLANG_ENABLE_MODULES = YES;
				CODE_SIGN_IDENTITY = "";
				CODE_SIGN_STYLE = Automatic;
				DEFINES_MODULE = YES;
				DEVELOPMENT_TEAM = KHFXF6N2QE;
				DYLIB_COMPATIBILITY_VERSION = 1;
				DYLIB_CURRENT_VERSION = 1;
				DYLIB_INSTALL_NAME_BASE = "@rpath";
				INFOPLIST_FILE = YoSwift/Info.plist;
				INSTALL_PATH = "$(LOCAL_LIBRARY_DIR)/Frameworks";
				LD_RUNPATH_SEARCH_PATHS = (
					"$(inherited)",
					"@executable_path/Frameworks",
					"@loader_path/Frameworks",
				);
				PRODUCT_BUNDLE_IDENTIFIER = me.junkpiano.ios.YoSwift;
				PRODUCT_NAME = "$(TARGET_NAME:c99extidentifier)";
				SKIP_INSTALL = YES;
				SWIFT_OPTIMIZATION_LEVEL = "-Onone";
				SWIFT_VERSION = 4.2;
				TARGETED_DEVICE_FAMILY = "1,2";
			};
			name = Debug;
		};
		583A915C221BBBC000ABB270 /* Release */ = {
			isa = XCBuildConfiguration;
			buildSettings = {
				CLANG_ENABLE_MODULES = YES;
				CODE_SIGN_IDENTITY = "";
				CODE_SIGN_STYLE = Automatic;
				DEFINES_MODULE = YES;
				DEVELOPMENT_TEAM = KHFXF6N2QE;
				DYLIB_COMPATIBILITY_VERSION = 1;
				DYLIB_CURRENT_VERSION = 1;
				DYLIB_INSTALL_NAME_BASE = "@rpath";
				INFOPLIST_FILE = YoSwift/Info.plist;
				INSTALL_PATH = "$(LOCAL_LIBRARY_DIR)/Frameworks";
				LD_RUNPATH_SEARCH_PATHS = (
					"$(inherited)",
					"@executable_path/Frameworks",
					"@loader_path/Frameworks",
				);
				PRODUCT_BUNDLE_IDENTIFIER = me.junkpiano.ios.YoSwift;
				PRODUCT_NAME = "$(TARGET_NAME:c99extidentifier)";
				SKIP_INSTALL = YES;
				SWIFT_VERSION = 4.2;
				TARGETED_DEVICE_FAMILY = "1,2";
			};
			name = Release;
		};
		583A915E221BBBC000ABB270 /* Debug */ = {
			isa = XCBuildConfiguration;
			buildSettings = {
				ALWAYS_EMBED_SWIFT_STANDARD_LIBRARIES = YES;
				CODE_SIGN_STYLE = Automatic;
				DEVELOPMENT_TEAM = KHFXF6N2QE;
				INFOPLIST_FILE = YoSwiftTests/Info.plist;
				LD_RUNPATH_SEARCH_PATHS = (
					"$(inherited)",
					"@executable_path/Frameworks",
					"@loader_path/Frameworks",
				);
				PRODUCT_BUNDLE_IDENTIFIER = me.junkpiano.ios.YoSwiftTests;
				PRODUCT_NAME = "$(TARGET_NAME)";
				SWIFT_VERSION = 4.2;
				TARGETED_DEVICE_FAMILY = "1,2";
			};
			name = Debug;
		};
		583A915F221BBBC000ABB270 /* Release */ = {
			isa = XCBuildConfiguration;
			buildSettings = {
				ALWAYS_EMBED_SWIFT_STANDARD_LIBRARIES = YES;
				CODE_SIGN_STYLE = Automatic;
				DEVELOPMENT_TEAM = KHFXF6N2QE;
				INFOPLIST_FILE = YoSwiftTests/Info.plist;
				LD_RUNPATH_SEARCH_PATHS = (
					"$(inherited)",
					"@executable_path/Frameworks",
					"@loader_path/Frameworks",
				);
				PRODUCT_BUNDLE_IDENTIFIER = me.junkpiano.ios.YoSwiftTests;
				PRODUCT_NAME = "$(TARGET_NAME)";
				SWIFT_VERSION = 4.2;
				TARGETED_DEVICE_FAMILY = "1,2";
			};
			name = Release;
		};
/* End XCBuildConfiguration section */

/* Begin XCConfigurationList section */
		583A9140221BBBC000ABB270 /* Build configuration list for PBXProject "YoSwift" */ = {
			isa = XCConfigurationList;
			buildConfigurations = (
				583A9158221BBBC000ABB270 /* Debug */,
				583A9159221BBBC000ABB270 /* Release */,
			);
			defaultConfigurationIsVisible = 0;
			defaultConfigurationName = Release;
		};
		583A915A221BBBC000ABB270 /* Build configuration list for PBXNativeTarget "YoSwift" */ = {
			isa = XCConfigurationList;
			buildConfigurations = (
				583A915B221BBBC000ABB270 /* Debug */,
				583A915C221BBBC000ABB270 /* Release */,
			);
			defaultConfigurationIsVisible = 0;
			defaultConfigurationName = Release;
		};
		583A915D221BBBC000ABB270 /* Build configuration list for PBXNativeTarget "YoSwiftTests" */ = {
			isa = XCConfigurationList;
			buildConfigurations = (
				583A915E221BBBC000ABB270 /* Debug */,
				583A915F221BBBC000ABB270 /* Release */,
			);
			defaultConfigurationIsVisible = 0;
			defaultConfigurationName = Release;
		};
/* End XCConfigurationList section */
	};
	rootObject = 583A913D221BBBC000ABB270 /* Project object */;
}
